// !$*UTF8*$!
{
	archiveVersion = 1;
	classes = {
	};
	objectVersion = 48;
	objects = {

/* Begin PBXBuildFile section */
		4D2F04BC20356C020033C171 /* AppDelegate.swift in Sources */ = {isa = PBXBuildFile; fileRef = 4D2F04BB20356C020033C171 /* AppDelegate.swift */; };
		4D2F04C420356C020033C171 /* DoyuZB.xcdatamodeld in Sources */ = {isa = PBXBuildFile; fileRef = 4D2F04C220356C020033C171 /* DoyuZB.xcdatamodeld */; };
		4D2F04C620356C020033C171 /* Assets.xcassets in Resources */ = {isa = PBXBuildFile; fileRef = 4D2F04C520356C020033C171 /* Assets.xcassets */; };
		4D2F04C920356C020033C171 /* LaunchScreen.storyboard in Resources */ = {isa = PBXBuildFile; fileRef = 4D2F04C720356C020033C171 /* LaunchScreen.storyboard */; };
		4D7A3C252037224500EDE228 /* Main.storyboard in Resources */ = {isa = PBXBuildFile; fileRef = 4D7A3C242037224500EDE228 /* Main.storyboard */; };
		4D7A3C272037233700EDE228 /* Home.storyboard in Resources */ = {isa = PBXBuildFile; fileRef = 4D7A3C262037233700EDE228 /* Home.storyboard */; };
		4D7A3C292037235100EDE228 /* Live.storyboard in Resources */ = {isa = PBXBuildFile; fileRef = 4D7A3C282037235100EDE228 /* Live.storyboard */; };
		4D7A3C2B2037236400EDE228 /* Follow.storyboard in Resources */ = {isa = PBXBuildFile; fileRef = 4D7A3C2A2037236400EDE228 /* Follow.storyboard */; };
		4D7A3C2D2037237C00EDE228 /* Profile.storyboard in Resources */ = {isa = PBXBuildFile; fileRef = 4D7A3C2C2037237C00EDE228 /* Profile.storyboard */; };
		4D7A3C352037252700EDE228 /* MainViewController.swift in Sources */ = {isa = PBXBuildFile; fileRef = 4D7A3C332037252700EDE228 /* MainViewController.swift */; };
/* End PBXBuildFile section */

/* Begin PBXFileReference section */
		4D2F04B820356C020033C171 /* DoyuZB.app */ = {isa = PBXFileReference; explicitFileType = wrapper.application; includeInIndex = 0; path = DoyuZB.app; sourceTree = BUILT_PRODUCTS_DIR; };
		4D2F04BB20356C020033C171 /* AppDelegate.swift */ = {isa = PBXFileReference; lastKnownFileType = sourcecode.swift; path = AppDelegate.swift; sourceTree = "<group>"; };
		4D2F04C320356C020033C171 /* DoyuZB.xcdatamodel */ = {isa = PBXFileReference; lastKnownFileType = wrapper.xcdatamodel; path = DoyuZB.xcdatamodel; sourceTree = "<group>"; };
		4D2F04C520356C020033C171 /* Assets.xcassets */ = {isa = PBXFileReference; lastKnownFileType = folder.assetcatalog; path = Assets.xcassets; sourceTree = "<group>"; };
		4D2F04C820356C020033C171 /* Base */ = {isa = PBXFileReference; lastKnownFileType = file.storyboard; name = Base; path = Base.lproj/LaunchScreen.storyboard; sourceTree = "<group>"; };
		4D2F04CA20356C020033C171 /* Info.plist */ = {isa = PBXFileReference; lastKnownFileType = text.plist.xml; path = Info.plist; sourceTree = "<group>"; };
		4D7A3C242037224500EDE228 /* Main.storyboard */ = {isa = PBXFileReference; lastKnownFileType = file.storyboard; path = Main.storyboard; sourceTree = "<group>"; };
		4D7A3C262037233700EDE228 /* Home.storyboard */ = {isa = PBXFileReference; fileEncoding = 4; lastKnownFileType = file.storyboard; path = Home.storyboard; sourceTree = "<group>"; };
		4D7A3C282037235100EDE228 /* Live.storyboard */ = {isa = PBXFileReference; fileEncoding = 4; lastKnownFileType = file.storyboard; path = Live.storyboard; sourceTree = "<group>"; };
		4D7A3C2A2037236400EDE228 /* Follow.storyboard */ = {isa = PBXFileReference; fileEncoding = 4; lastKnownFileType = file.storyboard; path = Follow.storyboard; sourceTree = "<group>"; };
		4D7A3C2C2037237C00EDE228 /* Profile.storyboard */ = {isa = PBXFileReference; fileEncoding = 4; lastKnownFileType = file.storyboard; path = Profile.storyboard; sourceTree = "<group>"; };
		4D7A3C332037252700EDE228 /* MainViewController.swift */ = {isa = PBXFileReference; fileEncoding = 4; lastKnownFileType = sourcecode.swift; path = MainViewController.swift; sourceTree = "<group>"; };
/* End PBXFileReference section */

/* Begin PBXFrameworksBuildPhase section */
		4D2F04B520356C020033C171 /* Frameworks */ = {
			isa = PBXFrameworksBuildPhase;
			buildActionMask = 2147483647;
			files = (
			);
			runOnlyForDeploymentPostprocessing = 0;
		};
/* End PBXFrameworksBuildPhase section */

/* Begin PBXGroup section */
		4D2F04AF20356C020033C171 = {
			isa = PBXGroup;
			children = (
				4D2F04BA20356C020033C171 /* DoyuZB */,
				4D2F04B920356C020033C171 /* Products */,
			);
			sourceTree = "<group>";
		};
		4D2F04B920356C020033C171 /* Products */ = {
			isa = PBXGroup;
			children = (
				4D2F04B820356C020033C171 /* DoyuZB.app */,
			);
			name = Products;
			sourceTree = "<group>";
		};
		4D2F04BA20356C020033C171 /* DoyuZB */ = {
			isa = PBXGroup;
			children = (
				4D2F04D020357CC70033C171 /* Classes */,
				4D2F04BB20356C020033C171 /* AppDelegate.swift */,
				4D2F04C520356C020033C171 /* Assets.xcassets */,
				4D2F04C720356C020033C171 /* LaunchScreen.storyboard */,
				4D2F04CA20356C020033C171 /* Info.plist */,
				4D2F04C220356C020033C171 /* DoyuZB.xcdatamodeld */,
			);
			path = DoyuZB;
			sourceTree = "<group>";
		};
		4D2F04D020357CC70033C171 /* Classes */ = {
			isa = PBXGroup;
			children = (
				4D2F04D620357CC70033C171 /* Main */,
				4D2F04D120357CC70033C171 /* Home */,
				4D2F04D520357CC70033C171 /* Live */,
				4D2F04D320357CC70033C171 /* Follow */,
				4D2F04D420357CC70033C171 /* Profile */,
				4D2F04D220357CC70033C171 /* Tools */,
			);
			path = Classes;
			sourceTree = "<group>";
		};
		4D2F04D120357CC70033C171 /* Home */ = {
			isa = PBXGroup;
			children = (
				4D7A3C2F2037248600EDE228 /* Controller */,
				4D7A3C2E2037248600EDE228 /* Model */,
				4D7A3C302037248600EDE228 /* View */,
			);
			path = Home;
			sourceTree = "<group>";
		};
		4D2F04D220357CC70033C171 /* Tools */ = {
			isa = PBXGroup;
			children = (
			);
			path = Tools;
			sourceTree = "<group>";
		};
		4D2F04D320357CC70033C171 /* Follow */ = {
			isa = PBXGroup;
			children = (
				4D7A3C2A2037236400EDE228 /* Follow.storyboard */,
			);
			path = Follow;
			sourceTree = "<group>";
		};
		4D2F04D420357CC70033C171 /* Profile */ = {
			isa = PBXGroup;
			children = (
				4D7A3C2C2037237C00EDE228 /* Profile.storyboard */,
			);
			path = Profile;
			sourceTree = "<group>";
		};
		4D2F04D520357CC70033C171 /* Live */ = {
			isa = PBXGroup;
			children = (
				4D7A3C282037235100EDE228 /* Live.storyboard */,
			);
			path = Live;
			sourceTree = "<group>";
		};
		4D2F04D620357CC70033C171 /* Main */ = {
			isa = PBXGroup;
			children = (
				4D7A3C322037252700EDE228 /* Controller */,
				4D7A3C342037252700EDE228 /* Model */,
				4D7A3C312037252700EDE228 /* View */,
			);
			path = Main;
			sourceTree = "<group>";
		};
		4D7A3C2E2037248600EDE228 /* Model */ = {
			isa = PBXGroup;
			children = (
			);
			path = Model;
			sourceTree = "<group>";
		};
		4D7A3C2F2037248600EDE228 /* Controller */ = {
			isa = PBXGroup;
			children = (
				4D7A3C262037233700EDE228 /* Home.storyboard */,
			);
			path = Controller;
			sourceTree = "<group>";
		};
		4D7A3C302037248600EDE228 /* View */ = {
			isa = PBXGroup;
			children = (
			);
			path = View;
			sourceTree = "<group>";
		};
		4D7A3C312037252700EDE228 /* View */ = {
			isa = PBXGroup;
			children = (
			);
			path = View;
			sourceTree = "<group>";
		};
		4D7A3C322037252700EDE228 /* Controller */ = {
			isa = PBXGroup;
			children = (
				4D7A3C242037224500EDE228 /* Main.storyboard */,
				4D7A3C332037252700EDE228 /* MainViewController.swift */,
			);
			path = Controller;
			sourceTree = "<group>";
		};
		4D7A3C342037252700EDE228 /* Model */ = {
			isa = PBXGroup;
			children = (
			);
			path = Model;
			sourceTree = "<group>";
		};
/* End PBXGroup section */

/* Begin PBXNativeTarget section */
		4D2F04B720356C020033C171 /* DoyuZB */ = {
			isa = PBXNativeTarget;
			buildConfigurationList = 4D2F04CD20356C020033C171 /* Build configuration list for PBXNativeTarget "DoyuZB" */;
			buildPhases = (
				4D2F04B420356C020033C171 /* Sources */,
				4D2F04B520356C020033C171 /* Frameworks */,
				4D2F04B620356C020033C171 /* Resources */,
			);
			buildRules = (
			);
			dependencies = (
			);
			name = DoyuZB;
			productName = DoyuZB;
			productReference = 4D2F04B820356C020033C171 /* DoyuZB.app */;
			productType = "com.apple.product-type.application";
		};
/* End PBXNativeTarget section */

/* Begin PBXProject section */
		4D2F04B020356C020033C171 /* Project object */ = {
			isa = PBXProject;
			attributes = {
				LastSwiftUpdateCheck = 0920;
				LastUpgradeCheck = 0920;
				ORGANIZATIONNAME = jarson;
				TargetAttributes = {
					4D2F04B720356C020033C171 = {
						CreatedOnToolsVersion = 9.2;
						ProvisioningStyle = Automatic;
					};
				};
			};
			buildConfigurationList = 4D2F04B320356C020033C171 /* Build configuration list for PBXProject "DoyuZB" */;
			compatibilityVersion = "Xcode 8.0";
			developmentRegion = en;
			hasScannedForEncodings = 0;
			knownRegions = (
				en,
				Base,
			);
			mainGroup = 4D2F04AF20356C020033C171;
			productRefGroup = 4D2F04B920356C020033C171 /* Products */;
			projectDirPath = "";
			projectRoot = "";
			targets = (
				4D2F04B720356C020033C171 /* DoyuZB */,
			);
		};
/* End PBXProject section */

/* Begin PBXResourcesBuildPhase section */
		4D2F04B620356C020033C171 /* Resources */ = {
			isa = PBXResourcesBuildPhase;
			buildActionMask = 2147483647;
			files = (
				4D7A3C252037224500EDE228 /* Main.storyboard in Resources */,
				4D2F04C920356C020033C171 /* LaunchScreen.storyboard in Resources */,
				4D2F04C620356C020033C171 /* Assets.xcassets in Resources */,
				4D7A3C292037235100EDE228 /* Live.storyboard in Resources */,
				4D7A3C272037233700EDE228 /* Home.storyboard in Resources */,
				4D7A3C2D2037237C00EDE228 /* Profile.storyboard in Resources */,
				4D7A3C2B2037236400EDE228 /* Follow.storyboard in Resources */,
			);
			runOnlyForDeploymentPostprocessing = 0;
		};
/* End PBXResourcesBuildPhase section */

/* Begin PBXSourcesBuildPhase section */
		4D2F04B420356C020033C171 /* Sources */ = {
			isa = PBXSourcesBuildPhase;
			buildActionMask = 2147483647;
			files = (
				4D7A3C352037252700EDE228 /* MainViewController.swift in Sources */,
				4D2F04BC20356C020033C171 /* AppDelegate.swift in Sources */,
				4D2F04C420356C020033C171 /* DoyuZB.xcdatamodeld in Sources */,
			);
			runOnlyForDeploymentPostprocessing = 0;
		};
/* End PBXSourcesBuildPhase section */

/* Begin PBXVariantGroup section */
		4D2F04C720356C020033C171 /* LaunchScreen.storyboard */ = {
			isa = PBXVariantGroup;
			children = (
				4D2F04C820356C020033C171 /* Base */,
			);
			name = LaunchScreen.storyboard;
			sourceTree = "<group>";
		};
/* End PBXVariantGroup section */

/* Begin XCBuildConfiguration section */
		4D2F04CB20356C020033C171 /* Debug */ = {
			isa = XCBuildConfiguration;
			buildSettings = {
				ALWAYS_SEARCH_USER_PATHS = NO;
				CLANG_ANALYZER_NONNULL = YES;
				CLANG_ANALYZER_NUMBER_OBJECT_CONVERSION = YES_AGGRESSIVE;
				CLANG_CXX_LANGUAGE_STANDARD = "gnu++14";
				CLANG_CXX_LIBRARY = "libc++";
				CLANG_ENABLE_MODULES = YES;
				CLANG_ENABLE_OBJC_ARC = YES;
				CLANG_WARN_BLOCK_CAPTURE_AUTORELEASING = YES;
				CLANG_WARN_BOOL_CONVERSION = YES;
				CLANG_WARN_COMMA = YES;
				CLANG_WARN_CONSTANT_CONVERSION = YES;
				CLANG_WARN_DIRECT_OBJC_ISA_USAGE = YES_ERROR;
				CLANG_WARN_DOCUMENTATION_COMMENTS = YES;
				CLANG_WARN_EMPTY_BODY = YES;
				CLANG_WARN_ENUM_CONVERSION = YES;
				CLANG_WARN_INFINITE_RECURSION = YES;
				CLANG_WARN_INT_CONVERSION = YES;
				CLANG_WARN_NON_LITERAL_NULL_CONVERSION = YES;
				CLANG_WARN_OBJC_LITERAL_CONVERSION = YES;
				CLANG_WARN_OBJC_ROOT_CLASS = YES_ERROR;
				CLANG_WARN_RANGE_LOOP_ANALYSIS = YES;
				CLANG_WARN_STRICT_PROTOTYPES = YES;
				CLANG_WARN_SUSPICIOUS_MOVE = YES;
				CLANG_WARN_UNGUARDED_AVAILABILITY = YES_AGGRESSIVE;
				CLANG_WARN_UNREACHABLE_CODE = YES;
				CLANG_WARN__DUPLICATE_METHOD_MATCH = YES;
				CODE_SIGN_IDENTITY = "iPhone Developer";
				COPY_PHASE_STRIP = NO;
				DEBUG_INFORMATION_FORMAT = dwarf;
				ENABLE_STRICT_OBJC_MSGSEND = YES;
				ENABLE_TESTABILITY = YES;
				GCC_C_LANGUAGE_STANDARD = gnu11;
				GCC_DYNAMIC_NO_PIC = NO;
				GCC_NO_COMMON_BLOCKS = YES;
				GCC_OPTIMIZATION_LEVEL = 0;
				GCC_PREPROCESSOR_DEFINITIONS = (
					"DEBUG=1",
					"$(inherited)",
				);
				GCC_WARN_64_TO_32_BIT_CONVERSION = YES;
				GCC_WARN_ABOUT_RETURN_TYPE = YES_ERROR;
				GCC_WARN_UNDECLARED_SELECTOR = YES;
				GCC_WARN_UNINITIALIZED_AUTOS = YES_AGGRESSIVE;
				GCC_WARN_UNUSED_FUNCTION = YES;
				GCC_WARN_UNUSED_VARIABLE = YES;
				IPHONEOS_DEPLOYMENT_TARGET = 11.2;
				MTL_ENABLE_DEBUG_INFO = YES;
				ONLY_ACTIVE_ARCH = YES;
				SDKROOT = iphoneos;
				SWIFT_ACTIVE_COMPILATION_CONDITIONS = DEBUG;
				SWIFT_OPTIMIZATION_LEVEL = "-Onone";
			};
			name = Debug;
		};
		4D2F04CC20356C020033C171 /* Release */ = {
			isa = XCBuildConfiguration;
			buildSettings = {
				ALWAYS_SEARCH_USER_PATHS = NO;
				CLANG_ANALYZER_NONNULL = YES;
				CLANG_ANALYZER_NUMBER_OBJECT_CONVERSION = YES_AGGRESSIVE;
				CLANG_CXX_LANGUAGE_STANDARD = "gnu++14";
				CLANG_CXX_LIBRARY = "libc++";
				CLANG_ENABLE_MODULES = YES;
				CLANG_ENABLE_OBJC_ARC = YES;
				CLANG_WARN_BLOCK_CAPTURE_AUTORELEASING = YES;
				CLANG_WARN_BOOL_CONVERSION = YES;
				CLANG_WARN_COMMA = YES;
				CLANG_WARN_CONSTANT_CONVERSION = YES;
				CLANG_WARN_DIRECT_OBJC_ISA_USAGE = YES_ERROR;
				CLANG_WARN_DOCUMENTATION_COMMENTS = YES;
				CLANG_WARN_EMPTY_BODY = YES;
				CLANG_WARN_ENUM_CONVERSION = YES;
				CLANG_WARN_INFINITE_RECURSION = YES;
				CLANG_WARN_INT_CONVERSION = YES;
				CLANG_WARN_NON_LITERAL_NULL_CONVERSION = YES;
				CLANG_WARN_OBJC_LITERAL_CONVERSION = YES;
				CLANG_WARN_OBJC_ROOT_CLASS = YES_ERROR;
				CLANG_WARN_RANGE_LOOP_ANALYSIS = YES;
				CLANG_WARN_STRICT_PROTOTYPES = YES;
				CLANG_WARN_SUSPICIOUS_MOVE = YES;
				CLANG_WARN_UNGUARDED_AVAILABILITY = YES_AGGRESSIVE;
				CLANG_WARN_UNREACHABLE_CODE = YES;
				CLANG_WARN__DUPLICATE_METHOD_MATCH = YES;
				CODE_SIGN_IDENTITY = "iPhone Developer";
				COPY_PHASE_STRIP = NO;
				DEBUG_INFORMATION_FORMAT = "dwarf-with-dsym";
				ENABLE_NS_ASSERTIONS = NO;
				ENABLE_STRICT_OBJC_MSGSEND = YES;
				GCC_C_LANGUAGE_STANDARD = gnu11;
				GCC_NO_COMMON_BLOCKS = YES;
				GCC_WARN_64_TO_32_BIT_CONVERSION = YES;
				GCC_WARN_ABOUT_RETURN_TYPE = YES_ERROR;
				GCC_WARN_UNDECLARED_SELECTOR = YES;
				GCC_WARN_UNINITIALIZED_AUTOS = YES_AGGRESSIVE;
				GCC_WARN_UNUSED_FUNCTION = YES;
				GCC_WARN_UNUSED_VARIABLE = YES;
				IPHONEOS_DEPLOYMENT_TARGET = 11.2;
				MTL_ENABLE_DEBUG_INFO = NO;
				SDKROOT = iphoneos;
				SWIFT_OPTIMIZATION_LEVEL = "-Owholemodule";
				VALIDATE_PRODUCT = YES;
			};
			name = Release;
		};
		4D2F04CE20356C020033C171 /* Debug */ = {
			isa = XCBuildConfiguration;
			buildSettings = {
				ASSETCATALOG_COMPILER_APPICON_NAME = AppIcon;
				ASSETCATALOG_COMPILER_LAUNCHIMAGE_NAME = LaunchImage;
				CODE_SIGN_STYLE = Automatic;
				DEVELOPMENT_TEAM = 8VUX32YHRN;
				INFOPLIST_FILE = DoyuZB/Info.plist;
				IPHONEOS_DEPLOYMENT_TARGET = 11.2;
				LD_RUNPATH_SEARCH_PATHS = "$(inherited) @executable_path/Frameworks";
				PRODUCT_BUNDLE_IDENTIFIER = cn.edu.nju.151220126.DoyuZB;
				PRODUCT_NAME = "$(TARGET_NAME)";
				SWIFT_VERSION = 4.0;
				TARGETED_DEVICE_FAMILY = 1;
			};
			name = Debug;
		};
		4D2F04CF20356C020033C171 /* Release */ = {
			isa = XCBuildConfiguration;
			buildSettings = {
				ASSETCATALOG_COMPILER_APPICON_NAME = AppIcon;
				ASSETCATALOG_COMPILER_LAUNCHIMAGE_NAME = LaunchImage;
				CODE_SIGN_STYLE = Automatic;
				DEVELOPMENT_TEAM = 8VUX32YHRN;
				INFOPLIST_FILE = DoyuZB/Info.plist;
				IPHONEOS_DEPLOYMENT_TARGET = 11.2;
				LD_RUNPATH_SEARCH_PATHS = "$(inherited) @executable_path/Frameworks";
				PRODUCT_BUNDLE_IDENTIFIER = cn.edu.nju.151220126.DoyuZB;
				PRODUCT_NAME = "$(TARGET_NAME)";
				SWIFT_VERSION = 4.0;
				TARGETED_DEVICE_FAMILY = 1;
			};
			name = Release;
		};
/* End XCBuildConfiguration section */

/* Begin XCConfigurationList section */
		4D2F04B320356C020033C171 /* Build configuration list for PBXProject "DoyuZB" */ = {
			isa = XCConfigurationList;
			buildConfigurations = (
				4D2F04CB20356C020033C171 /* Debug */,
				4D2F04CC20356C020033C171 /* Release */,
			);
			defaultConfigurationIsVisible = 0;
			defaultConfigurationName = Release;
		};
		4D2F04CD20356C020033C171 /* Build configuration list for PBXNativeTarget "DoyuZB" */ = {
			isa = XCConfigurationList;
			buildConfigurations = (
				4D2F04CE20356C020033C171 /* Debug */,
				4D2F04CF20356C020033C171 /* Release */,
			);
			defaultConfigurationIsVisible = 0;
			defaultConfigurationName = Release;
		};
/* End XCConfigurationList section */

/* Begin XCVersionGroup section */
		4D2F04C220356C020033C171 /* DoyuZB.xcdatamodeld */ = {
			isa = XCVersionGroup;
			children = (
				4D2F04C320356C020033C171 /* DoyuZB.xcdatamodel */,
			);
			currentVersion = 4D2F04C320356C020033C171 /* DoyuZB.xcdatamodel */;
			path = DoyuZB.xcdatamodeld;
			sourceTree = "<group>";
			versionGroupType = wrapper.xcdatamodel;
		};
/* End XCVersionGroup section */
	};
	rootObject = 4D2F04B020356C020033C171 /* Project object */;
}
